
Microsoft Visual Studio Solution File, Format Version 12.00
# Visual Studio Version 17
VisualStudioVersion = 17.9.34723.18
MinimumVisualStudioVersion = 10.0.40219.1
Project("{F184B08F-C81C-45F6-A57F-5ABD9991F28F}") = "Gestor de hotel karpas", "Gestor de hotel karpas\Gestor de hotel karpas.vbproj", "{5AE3973A-BA6A-4D20-B3C4-F837844BC0A3}"
EndProject
Global
	GlobalSection(SolutionConfigurationPlatforms) = preSolution
		Debug|Any CPU = Debug|Any CPU
		Release|Any CPU = Release|Any CPU
	EndGlobalSection
	GlobalSection(ProjectConfigurationPlatforms) = postSolution
		{5AE3973A-BA6A-4D20-B3C4-F837844BC0A3}.Debug|Any CPU.ActiveCfg = Debug|Any CPU
		{5AE3973A-BA6A-4D20-B3C4-F837844BC0A3}.Debug|Any CPU.Build.0 = Debug|Any CPU
		{5AE3973A-BA6A-4D20-B3C4-F837844BC0A3}.Release|Any CPU.ActiveCfg = Release|Any CPU
		{5AE3973A-BA6A-4D20-B3C4-F837844BC0A3}.Release|Any CPU.Build.0 = Release|Any CPU
	EndGlobalSection
	GlobalSection(SolutionProperties) = preSolution
		HideSolutionNode = FALSE
	EndGlobalSection
	GlobalSection(ExtensibilityGlobals) = postSolution
		SolutionGuid = {BEF1725B-9F06-4D48-ACFA-63E5761B0EC2}
	EndGlobalSection
EndGlobal
